
Microsoft Visual Studio Solution File, Format Version 12.00
# Visual Studio 14
VisualStudioVersion = 14.0.25420.1
MinimumVisualStudioVersion = 10.0.40219.1
Project("{FAE04EC0-301F-11D3-BF4B-00C04F79EFBC}") = "Messenger.Wpf", "Messenger.Wpf\Messenger.Wpf.csproj", "{09763851-7494-4096-B79E-ECD46F01C422}"
EndProject
Project("{D954291E-2A0B-460D-934E-DC6B0785DB48}") = "AccountShared", "AccountShared\AccountShared.shproj", "{A96D47AC-218D-4FD4-B68B-A5DF5A0BFBA0}"
EndProject
Project("{FAE04EC0-301F-11D3-BF4B-00C04F79EFBC}") = "Messenger.Mvvm", "Messenger.Mvvm\Messenger.Mvvm.csproj", "{2A6FB2B3-CE82-49DB-97C3-E4B43212EA21}"
EndProject
Project("{FAE04EC0-301F-11D3-BF4B-00C04F79EFBC}") = "Messenger.Notifications", "Messenger.Notifications\Messenger.Notifications\Messenger.Notifications.csproj", "{6995ABFD-720F-41E7-BE8B-38F23BA4BB57}"
EndProject
Project("{FAE04EC0-301F-11D3-BF4B-00C04F79EFBC}") = "Messenger.Account", "Messenger.Account\Messenger.Account.csproj", "{4F0BC612-2A0E-4D4D-948C-FF0D7645B6D6}"
EndProject
Global
	GlobalSection(SharedMSBuildProjectFiles) = preSolution
		AccountShared\AccountShared.projitems*{4f0bc612-2a0e-4d4d-948c-ff0d7645b6d6}*SharedItemsImports = 4
		AccountShared\AccountShared.projitems*{a96d47ac-218d-4fd4-b68b-a5df5a0bfba0}*SharedItemsImports = 13
	EndGlobalSection
	GlobalSection(SolutionConfigurationPlatforms) = preSolution
		Debug|Any CPU = Debug|Any CPU
		Debug|x64 = Debug|x64
		Release|Any CPU = Release|Any CPU
		Release|x64 = Release|x64
	EndGlobalSection
	GlobalSection(ProjectConfigurationPlatforms) = postSolution
		{09763851-7494-4096-B79E-ECD46F01C422}.Debug|Any CPU.ActiveCfg = Debug|Any CPU
		{09763851-7494-4096-B79E-ECD46F01C422}.Debug|Any CPU.Build.0 = Debug|Any CPU
		{09763851-7494-4096-B79E-ECD46F01C422}.Debug|x64.ActiveCfg = Debug|Any CPU
		{09763851-7494-4096-B79E-ECD46F01C422}.Debug|x64.Build.0 = Debug|Any CPU
		{09763851-7494-4096-B79E-ECD46F01C422}.Release|Any CPU.ActiveCfg = Release|Any CPU
		{09763851-7494-4096-B79E-ECD46F01C422}.Release|Any CPU.Build.0 = Release|Any CPU
		{09763851-7494-4096-B79E-ECD46F01C422}.Release|x64.ActiveCfg = Release|Any CPU
		{09763851-7494-4096-B79E-ECD46F01C422}.Release|x64.Build.0 = Release|Any CPU
		{2A6FB2B3-CE82-49DB-97C3-E4B43212EA21}.Debug|Any CPU.ActiveCfg = Debug|Any CPU
		{2A6FB2B3-CE82-49DB-97C3-E4B43212EA21}.Debug|Any CPU.Build.0 = Debug|Any CPU
		{2A6FB2B3-CE82-49DB-97C3-E4B43212EA21}.Debug|x64.ActiveCfg = Debug|Any CPU
		{2A6FB2B3-CE82-49DB-97C3-E4B43212EA21}.Debug|x64.Build.0 = Debug|Any CPU
		{2A6FB2B3-CE82-49DB-97C3-E4B43212EA21}.Release|Any CPU.ActiveCfg = Release|Any CPU
		{2A6FB2B3-CE82-49DB-97C3-E4B43212EA21}.Release|Any CPU.Build.0 = Release|Any CPU
		{2A6FB2B3-CE82-49DB-97C3-E4B43212EA21}.Release|x64.ActiveCfg = Release|Any CPU
		{2A6FB2B3-CE82-49DB-97C3-E4B43212EA21}.Release|x64.Build.0 = Release|Any CPU
		{6995ABFD-720F-41E7-BE8B-38F23BA4BB57}.Debug|Any CPU.ActiveCfg = Debug|Any CPU
		{6995ABFD-720F-41E7-BE8B-38F23BA4BB57}.Debug|Any CPU.Build.0 = Debug|Any CPU
		{6995ABFD-720F-41E7-BE8B-38F23BA4BB57}.Debug|x64.ActiveCfg = Debug|x64
		{6995ABFD-720F-41E7-BE8B-38F23BA4BB57}.Debug|x64.Build.0 = Debug|x64
		{6995ABFD-720F-41E7-BE8B-38F23BA4BB57}.Release|Any CPU.ActiveCfg = Release|Any CPU
		{6995ABFD-720F-41E7-BE8B-38F23BA4BB57}.Release|Any CPU.Build.0 = Release|Any CPU
		{6995ABFD-720F-41E7-BE8B-38F23BA4BB57}.Release|x64.ActiveCfg = Release|x64
		{6995ABFD-720F-41E7-BE8B-38F23BA4BB57}.Release|x64.Build.0 = Release|x64
		{4F0BC612-2A0E-4D4D-948C-FF0D7645B6D6}.Debug|Any CPU.ActiveCfg = Debug|Any CPU
		{4F0BC612-2A0E-4D4D-948C-FF0D7645B6D6}.Debug|Any CPU.Build.0 = Debug|Any CPU
		{4F0BC612-2A0E-4D4D-948C-FF0D7645B6D6}.Debug|x64.ActiveCfg = Debug|x64
		{4F0BC612-2A0E-4D4D-948C-FF0D7645B6D6}.Debug|x64.Build.0 = Debug|x64
		{4F0BC612-2A0E-4D4D-948C-FF0D7645B6D6}.Release|Any CPU.ActiveCfg = Release|Any CPU
		{4F0BC612-2A0E-4D4D-948C-FF0D7645B6D6}.Release|Any CPU.Build.0 = Release|Any CPU
		{4F0BC612-2A0E-4D4D-948C-FF0D7645B6D6}.Release|x64.ActiveCfg = Release|x64
		{4F0BC612-2A0E-4D4D-948C-FF0D7645B6D6}.Release|x64.Build.0 = Release|x64
	EndGlobalSection
	GlobalSection(SolutionProperties) = preSolution
		HideSolutionNode = FALSE
	EndGlobalSection
EndGlobal
